# This file was autogenerated by Stack.
# You should not edit this file by hand.
# For more information, please see the documentation at:
#   https://docs.haskellstack.org/en/stable/lock_files

packages:
- completed:
    hackage: kubernetes-client-0.3.0.0@sha256:20d3bccc0d715124be6c66cb018100cbfb6619fb1a6ae03446a19440321e1e09,5044
    pantry-tree:
      size: 2021
      sha256: bc94ac790cbc427d766b15caac012be4671c34d11ab322be7f30c1156cab2d11
  original:
    hackage: kubernetes-client-0.3.0.0
- completed:
    hackage: kubernetes-client-core-0.3.0.0@sha256:f2b7a38c786399bd20b654df34d21afbe8b7020762123378face585ed5c1266f,6405
    pantry-tree:
      size: 7208
      sha256: 068e6b4dbd5192564413a5991db94a332afb701eb6b54f75bde597ba72d6e5d5
  original:
    hackage: kubernetes-client-core-0.3.0.0
- completed:
    hackage: oidc-client-0.4.0.1@sha256:d35d29351ea7db2aa0ecd4b4792b8bac4bf13f10c050e3c0cab0072b74acd996,3306
    pantry-tree:
      size: 1153
      sha256: 8e5ea55cd0d5140c7595a7a2a6d6a039f29a61c2b339b0d850e062369f897206
  original:
    hackage: oidc-client-0.4.0.1
- completed:
    hackage: hoauth2-1.8.9@sha256:63929253f6cdeb096a369980d2acf0d7eedd0c98ac46f962f717c56b724069a4,5734
    pantry-tree:
      size: 1986
      sha256: 1c2901e88e82128b1e7f46e4b58eaeec779a630f0e30eb8bc226cb8ebb521bf8
  original:
    hackage: hoauth2-1.8.9
- completed:
    hackage: jsonpath-0.1.0.2@sha256:5777d0fa65d697a0375c51189cdd632280c1ab5fed4c82664dcd888bfdc32ec2,2195
    pantry-tree:
      size: 1098
      sha256: c9c296bd79d5a5f870dc33bc4de203fa8acfcd57aa3f3a79f2d201b038a4937a
  original:
    hackage: jsonpath-0.1.0.2
- completed:
    hackage: network-2.8.0.1@sha256:0f165dffa752d8cde30c2bde86f80609c4f1dc5eeb3182d593041f97839c5b3b,3011
    pantry-tree:
      size: 2488
      sha256: 2dbdda2225969dcd452d983a2ac7e52341e5fc1df76103342c9fac08fc686931
  original:
    hackage: network-2.8.0.1
- completed:
    hackage: time-1.8.0.4@sha256:3f6eddf238b828eb4f82683acce1c3afe64784f0d20114239b738c123316c85c,5494
    pantry-tree:
      size: 5406
      sha256: 1a186b21ff55d3e8f7d66ed2075bbce4dcc9ccaeef87665aa88752412f14073f
  original:
    hackage: time-1.8.0.4
- completed:
    hackage: tls-1.4.1@sha256:1b76f40f38016e622db7ea46fe162d299a16a6944862fda0f51b371b633d6062,6291
    pantry-tree:
      size: 4065
      sha256: 99242fd333cf5d9d7e5f20fd9575c681f1cec88bfb2c85e6192e5c037c86049c
  original:
    hackage: tls-1.4.1
- completed:
    hackage: directory-1.3.6.1@sha256:3dc9c69c8e09ec95a7a45c6d06abe0f0d2f604439c37e5f88e5a6c335b088d71,2810
    pantry-tree:
      size: 3433
      sha256: 9247d0e7cfbf9946b922d23bd56a6b765cdb91f71d72f8ae6ed22c94dbd9f1db
  original:
    hackage: directory-1.3.6.1
- completed:
    hackage: process-1.6.10.0@sha256:c0d2d8adaca7cea7ceaa60e67b61c775dc03727b83bdb1c97aa8cbeac9f5dd84,2469
    pantry-tree:
      size: 1211
      sha256: 6e90778b5105753d7de0f7a0c502dadf8f04825f17a36186aa801e56ef7ca206
  original:
    hackage: process-1.6.10.0
- completed:
    hackage: unix-2.7.2.2@sha256:9e93f93cc5a065248120136e83a0a6d1ce93d6eb5ef2a2543f9593e93e164d24,3496
    pantry-tree:
      size: 3536
      sha256: 0b54bf49636d2a8c06e28315710e4437e001e05b4523d6e3cb083ba2426a38b2
  original:
    hackage: unix-2.7.2.2
snapshots:
- completed:
    size: 524996
    url: https://raw.githubusercontent.com/commercialhaskell/stackage-snapshots/master/lts/14/27.yaml
    sha256: 7ea31a280c56bf36ff591a7397cc384d0dff622e7f9e4225b47d8980f019a0f0
  original: lts-14.27
